// !$*UTF8*$!
{
	archiveVersion = 1;
	classes = {
	};
	objectVersion = 50;
	objects = {

/* Begin PBXBuildFile section */
		A01EFF3C22E0FEA900A7AA7D /* MapView.swift in Sources */ = {isa = PBXBuildFile; fileRef = A01EFF3B22E0FEA900A7AA7D /* MapView.swift */; };
		A01EFF3F22E105D300A7AA7D /* PlayerRow.swift in Sources */ = {isa = PBXBuildFile; fileRef = A01EFF3E22E105D300A7AA7D /* PlayerRow.swift */; };
		A060E63222E0B8FE009F9325 /* barcelona.jpg in Resources */ = {isa = PBXBuildFile; fileRef = A060E62E22E0B8FE009F9325 /* barcelona.jpg */; };
		A060E63422E0B8FE009F9325 /* baskonia.jpg in Resources */ = {isa = PBXBuildFile; fileRef = A060E63022E0B8FE009F9325 /* baskonia.jpg */; };
		A060E63522E0B8FE009F9325 /* realMadrid.jpg in Resources */ = {isa = PBXBuildFile; fileRef = A060E63122E0B8FE009F9325 /* realMadrid.jpg */; };
		A060E63722E0BEF3009F9325 /* sanLorenzo.jpg in Resources */ = {isa = PBXBuildFile; fileRef = A060E63622E0BEF2009F9325 /* sanLorenzo.jpg */; };
		A060E63922E0E872009F9325 /* CoverImage.swift in Sources */ = {isa = PBXBuildFile; fileRef = A060E63822E0E872009F9325 /* CoverImage.swift */; };
		A060E63C22E0E9E7009F9325 /* ClubDetail.swift in Sources */ = {isa = PBXBuildFile; fileRef = A060E63B22E0E9E7009F9325 /* ClubDetail.swift */; };
		A06A449622E2466800E88975 /* HomePresenter.swift in Sources */ = {isa = PBXBuildFile; fileRef = A06A449522E2466800E88975 /* HomePresenter.swift */; };
		A06A449922E2492200E88975 /* LeaguesService.swift in Sources */ = {isa = PBXBuildFile; fileRef = A06A449822E2492200E88975 /* LeaguesService.swift */; };
		A0C856E122E1FAD0009FA61A /* TabbedNavigator.swift in Sources */ = {isa = PBXBuildFile; fileRef = A0C856E022E1FAD0009FA61A /* TabbedNavigator.swift */; };
		A0C856E422E2101C009FA61A /* FavoriteView.swift in Sources */ = {isa = PBXBuildFile; fileRef = A0C856E322E2101C009FA61A /* FavoriteView.swift */; };
		A0C856E722E231A8009FA61A /* SectionHeader.swift in Sources */ = {isa = PBXBuildFile; fileRef = A0C856E622E231A8009FA61A /* SectionHeader.swift */; };
		A0C856EA22E234AD009FA61A /* TeamRow.swift in Sources */ = {isa = PBXBuildFile; fileRef = A0C856E922E234AD009FA61A /* TeamRow.swift */; };
		A0C856EC22E239A7009FA61A /* UserData.swift in Sources */ = {isa = PBXBuildFile; fileRef = A0C856EB22E239A7009FA61A /* UserData.swift */; };
		A0CDF52E22DF99E5004C316F /* AppDelegate.swift in Sources */ = {isa = PBXBuildFile; fileRef = A0CDF52D22DF99E5004C316F /* AppDelegate.swift */; };
		A0CDF53022DF99E5004C316F /* SceneDelegate.swift in Sources */ = {isa = PBXBuildFile; fileRef = A0CDF52F22DF99E5004C316F /* SceneDelegate.swift */; };
		A0CDF53222DF99E5004C316F /* HomeView.swift in Sources */ = {isa = PBXBuildFile; fileRef = A0CDF53122DF99E5004C316F /* HomeView.swift */; };
		A0CDF53422DF99E9004C316F /* Assets.xcassets in Resources */ = {isa = PBXBuildFile; fileRef = A0CDF53322DF99E9004C316F /* Assets.xcassets */; };
		A0CDF53722DF99E9004C316F /* Preview Assets.xcassets in Resources */ = {isa = PBXBuildFile; fileRef = A0CDF53622DF99E9004C316F /* Preview Assets.xcassets */; };
		A0CDF53A22DF99E9004C316F /* LaunchScreen.storyboard in Resources */ = {isa = PBXBuildFile; fileRef = A0CDF53822DF99E9004C316F /* LaunchScreen.storyboard */; };
		A0CDF54322DF9AD1004C316F /* leagues.json in Resources */ = {isa = PBXBuildFile; fileRef = A0CDF54222DF9AD1004C316F /* leagues.json */; };
		A0CDF56322DFA253004C316F /* League.swift in Sources */ = {isa = PBXBuildFile; fileRef = A0CDF56222DFA253004C316F /* League.swift */; };
		A0CDF56522DFA3CE004C316F /* Team.swift in Sources */ = {isa = PBXBuildFile; fileRef = A0CDF56422DFA3CE004C316F /* Team.swift */; };
		A0CDF56722DFA46D004C316F /* Player.swift in Sources */ = {isa = PBXBuildFile; fileRef = A0CDF56622DFA46D004C316F /* Player.swift */; };
		A0CDF56922DFA7EF004C316F /* Data.swift in Sources */ = {isa = PBXBuildFile; fileRef = A0CDF56822DFA7EF004C316F /* Data.swift */; };
		A0CDF56C22E0A662004C316F /* LeagueRow.swift in Sources */ = {isa = PBXBuildFile; fileRef = A0CDF56B22E0A662004C316F /* LeagueRow.swift */; };
		A0CDF56E22E0A704004C316F /* TeamItem.swift in Sources */ = {isa = PBXBuildFile; fileRef = A0CDF56D22E0A704004C316F /* TeamItem.swift */; };
		A0CDF57122E0A7ED004C316F /* ImageStore.swift in Sources */ = {isa = PBXBuildFile; fileRef = A0CDF57022E0A7ED004C316F /* ImageStore.swift */; };
		A0CDF58222E0AC33004C316F /* sanAntonio.jpg in Resources */ = {isa = PBXBuildFile; fileRef = A0CDF57422E0AC32004C316F /* sanAntonio.jpg */; };
		A0CDF58322E0AC33004C316F /* memphis.jpg in Resources */ = {isa = PBXBuildFile; fileRef = A0CDF57522E0AC32004C316F /* memphis.jpg */; };
		A0CDF58422E0AC33004C316F /* team_placeholder.jpg in Resources */ = {isa = PBXBuildFile; fileRef = A0CDF57622E0AC32004C316F /* team_placeholder.jpg */; };
		A0CDF58522E0AC33004C316F /* evans.jpg in Resources */ = {isa = PBXBuildFile; fileRef = A0CDF57722E0AC32004C316F /* evans.jpg */; };
		A0CDF58622E0AC33004C316F /* anderson.jpg in Resources */ = {isa = PBXBuildFile; fileRef = A0CDF57822E0AC32004C316F /* anderson.jpg */; };
		A0CDF58722E0AC33004C316F /* clark.jpg in Resources */ = {isa = PBXBuildFile; fileRef = A0CDF57922E0AC32004C316F /* clark.jpg */; };
		A0CDF58822E0AC33004C316F /* newOrleans.jpg in Resources */ = {isa = PBXBuildFile; fileRef = A0CDF57A22E0AC32004C316F /* newOrleans.jpg */; };
		A0CDF58922E0AC33004C316F /* houstonRockets.jpg in Resources */ = {isa = PBXBuildFile; fileRef = A0CDF57B22E0AC32004C316F /* houstonRockets.jpg */; };
		A0CDF58A22E0AC33004C316F /* diallo.jpg in Resources */ = {isa = PBXBuildFile; fileRef = A0CDF57C22E0AC32004C316F /* diallo.jpg */; };
		A0CDF58B22E0AC33004C316F /* curry.jpg in Resources */ = {isa = PBXBuildFile; fileRef = A0CDF57D22E0AC32004C316F /* curry.jpg */; };
		A0CDF58C22E0AC33004C316F /* goldenState.jpg in Resources */ = {isa = PBXBuildFile; fileRef = A0CDF57E22E0AC32004C316F /* goldenState.jpg */; };
		A0CDF58D22E0AC33004C316F /* brooks.jpg in Resources */ = {isa = PBXBuildFile; fileRef = A0CDF57F22E0AC33004C316F /* brooks.jpg */; };
		A0CDF58E22E0AC33004C316F /* forbes.jpg in Resources */ = {isa = PBXBuildFile; fileRef = A0CDF58022E0AC33004C316F /* forbes.jpg */; };
		A0CDF58F22E0AC33004C316F /* derozan.jpg in Resources */ = {isa = PBXBuildFile; fileRef = A0CDF58122E0AC33004C316F /* derozan.jpg */; };
		A0CDF59122E0B4E4004C316F /* cover_app.jpg in Resources */ = {isa = PBXBuildFile; fileRef = A0CDF59022E0B4E4004C316F /* cover_app.jpg */; };
		A0EE6CF522E0FB1700D1F1BE /* CircleImage.swift in Sources */ = {isa = PBXBuildFile; fileRef = A0EE6CF422E0FB1700D1F1BE /* CircleImage.swift */; };
/* End PBXBuildFile section */

/* Begin PBXFileReference section */
		A01EFF3B22E0FEA900A7AA7D /* MapView.swift */ = {isa = PBXFileReference; lastKnownFileType = sourcecode.swift; path = MapView.swift; sourceTree = "<group>"; };
		A01EFF3E22E105D300A7AA7D /* PlayerRow.swift */ = {isa = PBXFileReference; lastKnownFileType = sourcecode.swift; path = PlayerRow.swift; sourceTree = "<group>"; };
		A060E62E22E0B8FE009F9325 /* barcelona.jpg */ = {isa = PBXFileReference; lastKnownFileType = image.jpeg; path = barcelona.jpg; sourceTree = "<group>"; };
		A060E63022E0B8FE009F9325 /* baskonia.jpg */ = {isa = PBXFileReference; lastKnownFileType = image.jpeg; path = baskonia.jpg; sourceTree = "<group>"; };
		A060E63122E0B8FE009F9325 /* realMadrid.jpg */ = {isa = PBXFileReference; lastKnownFileType = image.jpeg; path = realMadrid.jpg; sourceTree = "<group>"; };
		A060E63622E0BEF2009F9325 /* sanLorenzo.jpg */ = {isa = PBXFileReference; lastKnownFileType = image.jpeg; path = sanLorenzo.jpg; sourceTree = "<group>"; };
		A060E63822E0E872009F9325 /* CoverImage.swift */ = {isa = PBXFileReference; lastKnownFileType = sourcecode.swift; path = CoverImage.swift; sourceTree = "<group>"; };
		A060E63B22E0E9E7009F9325 /* ClubDetail.swift */ = {isa = PBXFileReference; lastKnownFileType = sourcecode.swift; path = ClubDetail.swift; sourceTree = "<group>"; };
		A06A449522E2466800E88975 /* HomePresenter.swift */ = {isa = PBXFileReference; lastKnownFileType = sourcecode.swift; path = HomePresenter.swift; sourceTree = "<group>"; };
		A06A449822E2492200E88975 /* LeaguesService.swift */ = {isa = PBXFileReference; lastKnownFileType = sourcecode.swift; path = LeaguesService.swift; sourceTree = "<group>"; };
		A0C856E022E1FAD0009FA61A /* TabbedNavigator.swift */ = {isa = PBXFileReference; lastKnownFileType = sourcecode.swift; path = TabbedNavigator.swift; sourceTree = "<group>"; };
		A0C856E322E2101C009FA61A /* FavoriteView.swift */ = {isa = PBXFileReference; lastKnownFileType = sourcecode.swift; path = FavoriteView.swift; sourceTree = "<group>"; };
		A0C856E622E231A8009FA61A /* SectionHeader.swift */ = {isa = PBXFileReference; lastKnownFileType = sourcecode.swift; path = SectionHeader.swift; sourceTree = "<group>"; };
		A0C856E922E234AD009FA61A /* TeamRow.swift */ = {isa = PBXFileReference; lastKnownFileType = sourcecode.swift; path = TeamRow.swift; sourceTree = "<group>"; };
		A0C856EB22E239A7009FA61A /* UserData.swift */ = {isa = PBXFileReference; lastKnownFileType = sourcecode.swift; path = UserData.swift; sourceTree = "<group>"; };
		A0CDF52A22DF99E5004C316F /* Basket.app */ = {isa = PBXFileReference; explicitFileType = wrapper.application; includeInIndex = 0; path = Basket.app; sourceTree = BUILT_PRODUCTS_DIR; };
		A0CDF52D22DF99E5004C316F /* AppDelegate.swift */ = {isa = PBXFileReference; lastKnownFileType = sourcecode.swift; path = AppDelegate.swift; sourceTree = "<group>"; };
		A0CDF52F22DF99E5004C316F /* SceneDelegate.swift */ = {isa = PBXFileReference; lastKnownFileType = sourcecode.swift; path = SceneDelegate.swift; sourceTree = "<group>"; };
		A0CDF53122DF99E5004C316F /* HomeView.swift */ = {isa = PBXFileReference; lastKnownFileType = sourcecode.swift; path = HomeView.swift; sourceTree = "<group>"; };
		A0CDF53322DF99E9004C316F /* Assets.xcassets */ = {isa = PBXFileReference; lastKnownFileType = folder.assetcatalog; path = Assets.xcassets; sourceTree = "<group>"; };
		A0CDF53622DF99E9004C316F /* Preview Assets.xcassets */ = {isa = PBXFileReference; lastKnownFileType = folder.assetcatalog; path = "Preview Assets.xcassets"; sourceTree = "<group>"; };
		A0CDF53922DF99E9004C316F /* Base */ = {isa = PBXFileReference; lastKnownFileType = file.storyboard; name = Base; path = Base.lproj/LaunchScreen.storyboard; sourceTree = "<group>"; };
		A0CDF53B22DF99E9004C316F /* Info.plist */ = {isa = PBXFileReference; lastKnownFileType = text.plist.xml; path = Info.plist; sourceTree = "<group>"; };
		A0CDF54222DF9AD1004C316F /* leagues.json */ = {isa = PBXFileReference; fileEncoding = 4; lastKnownFileType = text.json; path = leagues.json; sourceTree = "<group>"; };
		A0CDF56222DFA253004C316F /* League.swift */ = {isa = PBXFileReference; lastKnownFileType = sourcecode.swift; path = League.swift; sourceTree = "<group>"; };
		A0CDF56422DFA3CE004C316F /* Team.swift */ = {isa = PBXFileReference; lastKnownFileType = sourcecode.swift; path = Team.swift; sourceTree = "<group>"; };
		A0CDF56622DFA46D004C316F /* Player.swift */ = {isa = PBXFileReference; lastKnownFileType = sourcecode.swift; path = Player.swift; sourceTree = "<group>"; };
		A0CDF56822DFA7EF004C316F /* Data.swift */ = {isa = PBXFileReference; lastKnownFileType = sourcecode.swift; path = Data.swift; sourceTree = "<group>"; };
		A0CDF56B22E0A662004C316F /* LeagueRow.swift */ = {isa = PBXFileReference; lastKnownFileType = sourcecode.swift; path = LeagueRow.swift; sourceTree = "<group>"; };
		A0CDF56D22E0A704004C316F /* TeamItem.swift */ = {isa = PBXFileReference; lastKnownFileType = sourcecode.swift; path = TeamItem.swift; sourceTree = "<group>"; };
		A0CDF57022E0A7ED004C316F /* ImageStore.swift */ = {isa = PBXFileReference; lastKnownFileType = sourcecode.swift; path = ImageStore.swift; sourceTree = "<group>"; };
		A0CDF57422E0AC32004C316F /* sanAntonio.jpg */ = {isa = PBXFileReference; lastKnownFileType = image.jpeg; path = sanAntonio.jpg; sourceTree = "<group>"; };
		A0CDF57522E0AC32004C316F /* memphis.jpg */ = {isa = PBXFileReference; lastKnownFileType = image.jpeg; path = memphis.jpg; sourceTree = "<group>"; };
		A0CDF57622E0AC32004C316F /* team_placeholder.jpg */ = {isa = PBXFileReference; lastKnownFileType = image.jpeg; path = team_placeholder.jpg; sourceTree = "<group>"; };
		A0CDF57722E0AC32004C316F /* evans.jpg */ = {isa = PBXFileReference; lastKnownFileType = image.jpeg; path = evans.jpg; sourceTree = "<group>"; };
		A0CDF57822E0AC32004C316F /* anderson.jpg */ = {isa = PBXFileReference; lastKnownFileType = image.jpeg; path = anderson.jpg; sourceTree = "<group>"; };
		A0CDF57922E0AC32004C316F /* clark.jpg */ = {isa = PBXFileReference; lastKnownFileType = image.jpeg; path = clark.jpg; sourceTree = "<group>"; };
		A0CDF57A22E0AC32004C316F /* newOrleans.jpg */ = {isa = PBXFileReference; lastKnownFileType = image.jpeg; path = newOrleans.jpg; sourceTree = "<group>"; };
		A0CDF57B22E0AC32004C316F /* houstonRockets.jpg */ = {isa = PBXFileReference; lastKnownFileType = image.jpeg; path = houstonRockets.jpg; sourceTree = "<group>"; };
		A0CDF57C22E0AC32004C316F /* diallo.jpg */ = {isa = PBXFileReference; lastKnownFileType = image.jpeg; path = diallo.jpg; sourceTree = "<group>"; };
		A0CDF57D22E0AC32004C316F /* curry.jpg */ = {isa = PBXFileReference; lastKnownFileType = image.jpeg; path = curry.jpg; sourceTree = "<group>"; };
		A0CDF57E22E0AC32004C316F /* goldenState.jpg */ = {isa = PBXFileReference; lastKnownFileType = image.jpeg; path = goldenState.jpg; sourceTree = "<group>"; };
		A0CDF57F22E0AC33004C316F /* brooks.jpg */ = {isa = PBXFileReference; lastKnownFileType = image.jpeg; path = brooks.jpg; sourceTree = "<group>"; };
		A0CDF58022E0AC33004C316F /* forbes.jpg */ = {isa = PBXFileReference; lastKnownFileType = image.jpeg; path = forbes.jpg; sourceTree = "<group>"; };
		A0CDF58122E0AC33004C316F /* derozan.jpg */ = {isa = PBXFileReference; lastKnownFileType = image.jpeg; path = derozan.jpg; sourceTree = "<group>"; };
		A0CDF59022E0B4E4004C316F /* cover_app.jpg */ = {isa = PBXFileReference; lastKnownFileType = image.jpeg; path = cover_app.jpg; sourceTree = "<group>"; };
		A0EE6CF422E0FB1700D1F1BE /* CircleImage.swift */ = {isa = PBXFileReference; lastKnownFileType = sourcecode.swift; path = CircleImage.swift; sourceTree = "<group>"; };
/* End PBXFileReference section */

/* Begin PBXFrameworksBuildPhase section */
		A0CDF52722DF99E5004C316F /* Frameworks */ = {
			isa = PBXFrameworksBuildPhase;
			buildActionMask = 2147483647;
			files = (
			);
			runOnlyForDeploymentPostprocessing = 0;
		};
/* End PBXFrameworksBuildPhase section */

/* Begin PBXGroup section */
		A01EFF3A22E0FE9B00A7AA7D /* Maps */ = {
			isa = PBXGroup;
			children = (
				A01EFF3B22E0FEA900A7AA7D /* MapView.swift */,
			);
			path = Maps;
			sourceTree = "<group>";
		};
		A01EFF3D22E105B600A7AA7D /* Views */ = {
			isa = PBXGroup;
			children = (
				A01EFF3E22E105D300A7AA7D /* PlayerRow.swift */,
			);
			path = Views;
			sourceTree = "<group>";
		};
		A060E63A22E0E9D5009F9325 /* Club Detail */ = {
			isa = PBXGroup;
			children = (
				A060E63B22E0E9E7009F9325 /* ClubDetail.swift */,
				A01EFF3D22E105B600A7AA7D /* Views */,
			);
			path = "Club Detail";
			sourceTree = "<group>";
		};
		A06A449722E2491600E88975 /* Services */ = {
			isa = PBXGroup;
			children = (
				A06A449822E2492200E88975 /* LeaguesService.swift */,
			);
			path = Services;
			sourceTree = "<group>";
		};
		A0C856DF22E1FAA0009FA61A /* Tabbed navigator */ = {
			isa = PBXGroup;
			children = (
				A0C856E022E1FAD0009FA61A /* TabbedNavigator.swift */,
			);
			path = "Tabbed navigator";
			sourceTree = "<group>";
		};
		A0C856E222E2100C009FA61A /* Favorite */ = {
			isa = PBXGroup;
			children = (
				A0C856E322E2101C009FA61A /* FavoriteView.swift */,
				A0C856E822E232C4009FA61A /* Views */,
			);
			path = Favorite;
			sourceTree = "<group>";
		};
		A0C856E522E23195009FA61A /* Sections */ = {
			isa = PBXGroup;
			children = (
				A0C856E622E231A8009FA61A /* SectionHeader.swift */,
			);
			path = Sections;
			sourceTree = "<group>";
		};
		A0C856E822E232C4009FA61A /* Views */ = {
			isa = PBXGroup;
			children = (
				A0C856E922E234AD009FA61A /* TeamRow.swift */,
			);
			path = Views;
			sourceTree = "<group>";
		};
		A0CDF52122DF99E5004C316F = {
			isa = PBXGroup;
			children = (
				A0CDF52C22DF99E5004C316F /* Basket */,
				A0CDF52B22DF99E5004C316F /* Products */,
			);
			sourceTree = "<group>";
		};
		A0CDF52B22DF99E5004C316F /* Products */ = {
			isa = PBXGroup;
			children = (
				A0CDF52A22DF99E5004C316F /* Basket.app */,
			);
			name = Products;
			sourceTree = "<group>";
		};
		A0CDF52C22DF99E5004C316F /* Basket */ = {
			isa = PBXGroup;
			children = (
				A0CDF55E22DF9B81004C316F /* Application */,
				A0CDF56F22E0A7D7004C316F /* Logic */,
				A0CDF56122DFA246004C316F /* Models */,
				A0CDF55F22DF9BBF004C316F /* Modules */,
				A0CDF53522DF99E9004C316F /* Preview Content */,
				A0CDF54122DF9A7D004C316F /* Resources */,
				A0EE6CF222E0FAF600D1F1BE /* UIComponents */,
				A0CDF53B22DF99E9004C316F /* Info.plist */,
				A0CDF53822DF99E9004C316F /* LaunchScreen.storyboard */,
			);
			path = Basket;
			sourceTree = "<group>";
		};
		A0CDF53522DF99E9004C316F /* Preview Content */ = {
			isa = PBXGroup;
			children = (
				A0CDF53622DF99E9004C316F /* Preview Assets.xcassets */,
			);
			path = "Preview Content";
			sourceTree = "<group>";
		};
		A0CDF54122DF9A7D004C316F /* Resources */ = {
			isa = PBXGroup;
			children = (
				A0CDF57822E0AC32004C316F /* anderson.jpg */,
				A060E62E22E0B8FE009F9325 /* barcelona.jpg */,
				A060E63022E0B8FE009F9325 /* baskonia.jpg */,
				A0CDF57F22E0AC33004C316F /* brooks.jpg */,
				A0CDF57922E0AC32004C316F /* clark.jpg */,
				A0CDF59022E0B4E4004C316F /* cover_app.jpg */,
				A0CDF57D22E0AC32004C316F /* curry.jpg */,
				A0CDF58122E0AC33004C316F /* derozan.jpg */,
				A0CDF57C22E0AC32004C316F /* diallo.jpg */,
				A0CDF57722E0AC32004C316F /* evans.jpg */,
				A0CDF58022E0AC33004C316F /* forbes.jpg */,
				A0CDF57E22E0AC32004C316F /* goldenState.jpg */,
				A0CDF57B22E0AC32004C316F /* houstonRockets.jpg */,
				A0CDF57522E0AC32004C316F /* memphis.jpg */,
				A0CDF57A22E0AC32004C316F /* newOrleans.jpg */,
				A060E63122E0B8FE009F9325 /* realMadrid.jpg */,
				A0CDF57422E0AC32004C316F /* sanAntonio.jpg */,
				A060E63622E0BEF2009F9325 /* sanLorenzo.jpg */,
				A0CDF57622E0AC32004C316F /* team_placeholder.jpg */,
				A0CDF54222DF9AD1004C316F /* leagues.json */,
				A0CDF53322DF99E9004C316F /* Assets.xcassets */,
			);
			path = Resources;
			sourceTree = "<group>";
		};
		A0CDF55E22DF9B81004C316F /* Application */ = {
			isa = PBXGroup;
			children = (
				A0CDF52D22DF99E5004C316F /* AppDelegate.swift */,
				A0CDF52F22DF99E5004C316F /* SceneDelegate.swift */,
			);
			path = Application;
			sourceTree = "<group>";
		};
		A0CDF55F22DF9BBF004C316F /* Modules */ = {
			isa = PBXGroup;
			children = (
				A060E63A22E0E9D5009F9325 /* Club Detail */,
				A0C856E222E2100C009FA61A /* Favorite */,
				A0CDF56022DF9BD8004C316F /* Home */,
				A0C856DF22E1FAA0009FA61A /* Tabbed navigator */,
			);
			path = Modules;
			sourceTree = "<group>";
		};
		A0CDF56022DF9BD8004C316F /* Home */ = {
			isa = PBXGroup;
			children = (
				A06A449522E2466800E88975 /* HomePresenter.swift */,
				A0CDF53122DF99E5004C316F /* HomeView.swift */,
				A06A449722E2491600E88975 /* Services */,
				A0CDF56A22E0A581004C316F /* Views */,
			);
			path = Home;
			sourceTree = "<group>";
		};
		A0CDF56122DFA246004C316F /* Models */ = {
			isa = PBXGroup;
			children = (
				A0CDF56822DFA7EF004C316F /* Data.swift */,
				A0CDF56222DFA253004C316F /* League.swift */,
				A0CDF56622DFA46D004C316F /* Player.swift */,
				A0CDF56422DFA3CE004C316F /* Team.swift */,
				A0C856EB22E239A7009FA61A /* UserData.swift */,
			);
			path = Models;
			sourceTree = "<group>";
		};
		A0CDF56A22E0A581004C316F /* Views */ = {
			isa = PBXGroup;
			children = (
				A0CDF56B22E0A662004C316F /* LeagueRow.swift */,
				A0CDF56D22E0A704004C316F /* TeamItem.swift */,
			);
			path = Views;
			sourceTree = "<group>";
		};
		A0CDF56F22E0A7D7004C316F /* Logic */ = {
			isa = PBXGroup;
			children = (
				A0CDF57022E0A7ED004C316F /* ImageStore.swift */,
			);
			path = Logic;
			sourceTree = "<group>";
		};
		A0EE6CF222E0FAF600D1F1BE /* UIComponents */ = {
			isa = PBXGroup;
			children = (
				A0C856E522E23195009FA61A /* Sections */,
				A01EFF3A22E0FE9B00A7AA7D /* Maps */,
				A0EE6CF322E0FAFF00D1F1BE /* Images */,
			);
			path = UIComponents;
			sourceTree = "<group>";
		};
		A0EE6CF322E0FAFF00D1F1BE /* Images */ = {
			isa = PBXGroup;
			children = (
				A060E63822E0E872009F9325 /* CoverImage.swift */,
				A0EE6CF422E0FB1700D1F1BE /* CircleImage.swift */,
			);
			path = Images;
			sourceTree = "<group>";
		};
/* End PBXGroup section */

/* Begin PBXNativeTarget section */
		A0CDF52922DF99E5004C316F /* Basket */ = {
			isa = PBXNativeTarget;
			buildConfigurationList = A0CDF53E22DF99E9004C316F /* Build configuration list for PBXNativeTarget "Basket" */;
			buildPhases = (
				A0CDF52622DF99E5004C316F /* Sources */,
				A0CDF52722DF99E5004C316F /* Frameworks */,
				A0CDF52822DF99E5004C316F /* Resources */,
			);
			buildRules = (
			);
			dependencies = (
			);
			name = Basket;
			productName = Basket;
			productReference = A0CDF52A22DF99E5004C316F /* Basket.app */;
			productType = "com.apple.product-type.application";
		};
/* End PBXNativeTarget section */

/* Begin PBXProject section */
		A0CDF52222DF99E5004C316F /* Project object */ = {
			isa = PBXProject;
			attributes = {
				LastSwiftUpdateCheck = 1100;
				LastUpgradeCheck = 1100;
				ORGANIZATIONNAME = "Lucas Pelizza";
				TargetAttributes = {
					A0CDF52922DF99E5004C316F = {
						CreatedOnToolsVersion = 11.0;
					};
				};
			};
			buildConfigurationList = A0CDF52522DF99E5004C316F /* Build configuration list for PBXProject "Basket" */;
			compatibilityVersion = "Xcode 9.3";
			developmentRegion = en;
			hasScannedForEncodings = 0;
			knownRegions = (
				en,
				Base,
			);
			mainGroup = A0CDF52122DF99E5004C316F;
			productRefGroup = A0CDF52B22DF99E5004C316F /* Products */;
			projectDirPath = "";
			projectRoot = "";
			targets = (
				A0CDF52922DF99E5004C316F /* Basket */,
			);
		};
/* End PBXProject section */

/* Begin PBXResourcesBuildPhase section */
		A0CDF52822DF99E5004C316F /* Resources */ = {
			isa = PBXResourcesBuildPhase;
			buildActionMask = 2147483647;
			files = (
				A060E63722E0BEF3009F9325 /* sanLorenzo.jpg in Resources */,
				A060E63522E0B8FE009F9325 /* realMadrid.jpg in Resources */,
				A0CDF58422E0AC33004C316F /* team_placeholder.jpg in Resources */,
				A060E63422E0B8FE009F9325 /* baskonia.jpg in Resources */,
				A0CDF58B22E0AC33004C316F /* curry.jpg in Resources */,
				A0CDF58722E0AC33004C316F /* clark.jpg in Resources */,
				A0CDF58E22E0AC33004C316F /* forbes.jpg in Resources */,
				A0CDF53A22DF99E9004C316F /* LaunchScreen.storyboard in Resources */,
				A0CDF58222E0AC33004C316F /* sanAntonio.jpg in Resources */,
				A0CDF58922E0AC33004C316F /* houstonRockets.jpg in Resources */,
				A0CDF58C22E0AC33004C316F /* goldenState.jpg in Resources */,
				A0CDF59122E0B4E4004C316F /* cover_app.jpg in Resources */,
				A0CDF58A22E0AC33004C316F /* diallo.jpg in Resources */,
				A0CDF58F22E0AC33004C316F /* derozan.jpg in Resources */,
				A060E63222E0B8FE009F9325 /* barcelona.jpg in Resources */,
				A0CDF53722DF99E9004C316F /* Preview Assets.xcassets in Resources */,
				A0CDF58D22E0AC33004C316F /* brooks.jpg in Resources */,
				A0CDF58822E0AC33004C316F /* newOrleans.jpg in Resources */,
				A0CDF58322E0AC33004C316F /* memphis.jpg in Resources */,
				A0CDF58622E0AC33004C316F /* anderson.jpg in Resources */,
				A0CDF58522E0AC33004C316F /* evans.jpg in Resources */,
				A0CDF54322DF9AD1004C316F /* leagues.json in Resources */,
				A0CDF53422DF99E9004C316F /* Assets.xcassets in Resources */,
			);
			runOnlyForDeploymentPostprocessing = 0;
		};
/* End PBXResourcesBuildPhase section */

/* Begin PBXSourcesBuildPhase section */
		A0CDF52622DF99E5004C316F /* Sources */ = {
			isa = PBXSourcesBuildPhase;
			buildActionMask = 2147483647;
			files = (
				A06A449622E2466800E88975 /* HomePresenter.swift in Sources */,
				A060E63C22E0E9E7009F9325 /* ClubDetail.swift in Sources */,
				A0C856E422E2101C009FA61A /* FavoriteView.swift in Sources */,
				A0CDF56922DFA7EF004C316F /* Data.swift in Sources */,
				A0CDF52E22DF99E5004C316F /* AppDelegate.swift in Sources */,
				A0EE6CF522E0FB1700D1F1BE /* CircleImage.swift in Sources */,
				A0CDF53022DF99E5004C316F /* SceneDelegate.swift in Sources */,
				A0CDF57122E0A7ED004C316F /* ImageStore.swift in Sources */,
				A06A449922E2492200E88975 /* LeaguesService.swift in Sources */,
				A0C856EA22E234AD009FA61A /* TeamRow.swift in Sources */,
				A0CDF56E22E0A704004C316F /* TeamItem.swift in Sources */,
				A01EFF3C22E0FEA900A7AA7D /* MapView.swift in Sources */,
				A01EFF3F22E105D300A7AA7D /* PlayerRow.swift in Sources */,
				A0CDF56322DFA253004C316F /* League.swift in Sources */,
				A0CDF56522DFA3CE004C316F /* Team.swift in Sources */,
				A0CDF56C22E0A662004C316F /* LeagueRow.swift in Sources */,
				A0CDF56722DFA46D004C316F /* Player.swift in Sources */,
				A0C856E722E231A8009FA61A /* SectionHeader.swift in Sources */,
				A0C856E122E1FAD0009FA61A /* TabbedNavigator.swift in Sources */,
				A0CDF53222DF99E5004C316F /* HomeView.swift in Sources */,
				A0C856EC22E239A7009FA61A /* UserData.swift in Sources */,
				A060E63922E0E872009F9325 /* CoverImage.swift in Sources */,
			);
			runOnlyForDeploymentPostprocessing = 0;
		};
/* End PBXSourcesBuildPhase section */

/* Begin PBXVariantGroup section */
		A0CDF53822DF99E9004C316F /* LaunchScreen.storyboard */ = {
			isa = PBXVariantGroup;
			children = (
				A0CDF53922DF99E9004C316F /* Base */,
			);
			name = LaunchScreen.storyboard;
			sourceTree = "<group>";
		};
/* End PBXVariantGroup section */

/* Begin XCBuildConfiguration section */
		A0CDF53C22DF99E9004C316F /* Debug */ = {
			isa = XCBuildConfiguration;
			buildSettings = {
				ALWAYS_SEARCH_USER_PATHS = NO;
				CLANG_ANALYZER_NONNULL = YES;
				CLANG_ANALYZER_NUMBER_OBJECT_CONVERSION = YES_AGGRESSIVE;
				CLANG_CXX_LANGUAGE_STANDARD = "gnu++14";
				CLANG_CXX_LIBRARY = "libc++";
				CLANG_ENABLE_MODULES = YES;
				CLANG_ENABLE_OBJC_ARC = YES;
				CLANG_ENABLE_OBJC_WEAK = YES;
				CLANG_WARN_BLOCK_CAPTURE_AUTORELEASING = YES;
				CLANG_WARN_BOOL_CONVERSION = YES;
				CLANG_WARN_COMMA = YES;
				CLANG_WARN_CONSTANT_CONVERSION = YES;
				CLANG_WARN_DEPRECATED_OBJC_IMPLEMENTATIONS = YES;
				CLANG_WARN_DIRECT_OBJC_ISA_USAGE = YES_ERROR;
				CLANG_WARN_DOCUMENTATION_COMMENTS = YES;
				CLANG_WARN_EMPTY_BODY = YES;
				CLANG_WARN_ENUM_CONVERSION = YES;
				CLANG_WARN_INFINITE_RECURSION = YES;
				CLANG_WARN_INT_CONVERSION = YES;
				CLANG_WARN_NON_LITERAL_NULL_CONVERSION = YES;
				CLANG_WARN_OBJC_IMPLICIT_RETAIN_SELF = YES;
				CLANG_WARN_OBJC_LITERAL_CONVERSION = YES;
				CLANG_WARN_OBJC_ROOT_CLASS = YES_ERROR;
				CLANG_WARN_RANGE_LOOP_ANALYSIS = YES;
				CLANG_WARN_STRICT_PROTOTYPES = YES;
				CLANG_WARN_SUSPICIOUS_MOVE = YES;
				CLANG_WARN_UNGUARDED_AVAILABILITY = YES_AGGRESSIVE;
				CLANG_WARN_UNREACHABLE_CODE = YES;
				CLANG_WARN__DUPLICATE_METHOD_MATCH = YES;
				COPY_PHASE_STRIP = NO;
				DEBUG_INFORMATION_FORMAT = dwarf;
				ENABLE_STRICT_OBJC_MSGSEND = YES;
				ENABLE_TESTABILITY = YES;
				GCC_C_LANGUAGE_STANDARD = gnu11;
				GCC_DYNAMIC_NO_PIC = NO;
				GCC_NO_COMMON_BLOCKS = YES;
				GCC_OPTIMIZATION_LEVEL = 0;
				GCC_PREPROCESSOR_DEFINITIONS = (
					"DEBUG=1",
					"$(inherited)",
				);
				GCC_WARN_64_TO_32_BIT_CONVERSION = YES;
				GCC_WARN_ABOUT_RETURN_TYPE = YES_ERROR;
				GCC_WARN_UNDECLARED_SELECTOR = YES;
				GCC_WARN_UNINITIALIZED_AUTOS = YES_AGGRESSIVE;
				GCC_WARN_UNUSED_FUNCTION = YES;
				GCC_WARN_UNUSED_VARIABLE = YES;
				IPHONEOS_DEPLOYMENT_TARGET = 13.0;
				MTL_ENABLE_DEBUG_INFO = INCLUDE_SOURCE;
				MTL_FAST_MATH = YES;
				ONLY_ACTIVE_ARCH = YES;
				SDKROOT = iphoneos;
				SWIFT_ACTIVE_COMPILATION_CONDITIONS = DEBUG;
				SWIFT_OPTIMIZATION_LEVEL = "-Onone";
			};
			name = Debug;
		};
		A0CDF53D22DF99E9004C316F /* Release */ = {
			isa = XCBuildConfiguration;
			buildSettings = {
				ALWAYS_SEARCH_USER_PATHS = NO;
				CLANG_ANALYZER_NONNULL = YES;
				CLANG_ANALYZER_NUMBER_OBJECT_CONVERSION = YES_AGGRESSIVE;
				CLANG_CXX_LANGUAGE_STANDARD = "gnu++14";
				CLANG_CXX_LIBRARY = "libc++";
				CLANG_ENABLE_MODULES = YES;
				CLANG_ENABLE_OBJC_ARC = YES;
				CLANG_ENABLE_OBJC_WEAK = YES;
				CLANG_WARN_BLOCK_CAPTURE_AUTORELEASING = YES;
				CLANG_WARN_BOOL_CONVERSION = YES;
				CLANG_WARN_COMMA = YES;
				CLANG_WARN_CONSTANT_CONVERSION = YES;
				CLANG_WARN_DEPRECATED_OBJC_IMPLEMENTATIONS = YES;
				CLANG_WARN_DIRECT_OBJC_ISA_USAGE = YES_ERROR;
				CLANG_WARN_DOCUMENTATION_COMMENTS = YES;
				CLANG_WARN_EMPTY_BODY = YES;
				CLANG_WARN_ENUM_CONVERSION = YES;
				CLANG_WARN_INFINITE_RECURSION = YES;
				CLANG_WARN_INT_CONVERSION = YES;
				CLANG_WARN_NON_LITERAL_NULL_CONVERSION = YES;
				CLANG_WARN_OBJC_IMPLICIT_RETAIN_SELF = YES;
				CLANG_WARN_OBJC_LITERAL_CONVERSION = YES;
				CLANG_WARN_OBJC_ROOT_CLASS = YES_ERROR;
				CLANG_WARN_RANGE_LOOP_ANALYSIS = YES;
				CLANG_WARN_STRICT_PROTOTYPES = YES;
				CLANG_WARN_SUSPICIOUS_MOVE = YES;
				CLANG_WARN_UNGUARDED_AVAILABILITY = YES_AGGRESSIVE;
				CLANG_WARN_UNREACHABLE_CODE = YES;
				CLANG_WARN__DUPLICATE_METHOD_MATCH = YES;
				COPY_PHASE_STRIP = NO;
				DEBUG_INFORMATION_FORMAT = "dwarf-with-dsym";
				ENABLE_NS_ASSERTIONS = NO;
				ENABLE_STRICT_OBJC_MSGSEND = YES;
				GCC_C_LANGUAGE_STANDARD = gnu11;
				GCC_NO_COMMON_BLOCKS = YES;
				GCC_WARN_64_TO_32_BIT_CONVERSION = YES;
				GCC_WARN_ABOUT_RETURN_TYPE = YES_ERROR;
				GCC_WARN_UNDECLARED_SELECTOR = YES;
				GCC_WARN_UNINITIALIZED_AUTOS = YES_AGGRESSIVE;
				GCC_WARN_UNUSED_FUNCTION = YES;
				GCC_WARN_UNUSED_VARIABLE = YES;
				IPHONEOS_DEPLOYMENT_TARGET = 13.0;
				MTL_ENABLE_DEBUG_INFO = NO;
				MTL_FAST_MATH = YES;
				SDKROOT = iphoneos;
				SWIFT_COMPILATION_MODE = wholemodule;
				SWIFT_OPTIMIZATION_LEVEL = "-O";
				VALIDATE_PRODUCT = YES;
			};
			name = Release;
		};
		A0CDF53F22DF99E9004C316F /* Debug */ = {
			isa = XCBuildConfiguration;
			buildSettings = {
				ASSETCATALOG_COMPILER_APPICON_NAME = AppIcon;
				CODE_SIGN_STYLE = Automatic;
				DEVELOPMENT_ASSET_PATHS = "Basket/Preview\\ Content";
				DEVELOPMENT_TEAM = U5TL9H66ET;
				ENABLE_PREVIEWS = YES;
				INFOPLIST_FILE = Basket/Info.plist;
				IPHONEOS_DEPLOYMENT_TARGET = 13.0;
				LD_RUNPATH_SEARCH_PATHS = (
					"$(inherited)",
					"@executable_path/Frameworks",
				);
				PRODUCT_BUNDLE_IDENTIFIER = com.LEP.Basket;
				PRODUCT_NAME = "$(TARGET_NAME)";
				SWIFT_VERSION = 5.0;
				TARGETED_DEVICE_FAMILY = "1,2";
			};
			name = Debug;
		};
		A0CDF54022DF99E9004C316F /* Release */ = {
			isa = XCBuildConfiguration;
			buildSettings = {
				ASSETCATALOG_COMPILER_APPICON_NAME = AppIcon;
				CODE_SIGN_STYLE = Automatic;
				DEVELOPMENT_ASSET_PATHS = "Basket/Preview\\ Content";
				DEVELOPMENT_TEAM = U5TL9H66ET;
				ENABLE_PREVIEWS = YES;
				INFOPLIST_FILE = Basket/Info.plist;
				IPHONEOS_DEPLOYMENT_TARGET = 13.0;
				LD_RUNPATH_SEARCH_PATHS = (
					"$(inherited)",
					"@executable_path/Frameworks",
				);
				PRODUCT_BUNDLE_IDENTIFIER = com.LEP.Basket;
				PRODUCT_NAME = "$(TARGET_NAME)";
				SWIFT_VERSION = 5.0;
				TARGETED_DEVICE_FAMILY = "1,2";
			};
			name = Release;
		};
/* End XCBuildConfiguration section */

/* Begin XCConfigurationList section */
		A0CDF52522DF99E5004C316F /* Build configuration list for PBXProject "Basket" */ = {
			isa = XCConfigurationList;
			buildConfigurations = (
				A0CDF53C22DF99E9004C316F /* Debug */,
				A0CDF53D22DF99E9004C316F /* Release */,
			);
			defaultConfigurationIsVisible = 0;
			defaultConfigurationName = Release;
		};
		A0CDF53E22DF99E9004C316F /* Build configuration list for PBXNativeTarget "Basket" */ = {
			isa = XCConfigurationList;
			buildConfigurations = (
				A0CDF53F22DF99E9004C316F /* Debug */,
				A0CDF54022DF99E9004C316F /* Release */,
			);
			defaultConfigurationIsVisible = 0;
			defaultConfigurationName = Release;
		};
/* End XCConfigurationList section */
	};
	rootObject = A0CDF52222DF99E5004C316F /* Project object */;
}
