// !$*UTF8*$!
{
	archiveVersion = 1;
	classes = {
	};
	objectVersion = 50;
	objects = {

/* Begin PBXBuildFile section */
		A0CDF52E22DF99E5004C316F /* AppDelegate.swift in Sources */ = {isa = PBXBuildFile; fileRef = A0CDF52D22DF99E5004C316F /* AppDelegate.swift */; };
		A0CDF53022DF99E5004C316F /* SceneDelegate.swift in Sources */ = {isa = PBXBuildFile; fileRef = A0CDF52F22DF99E5004C316F /* SceneDelegate.swift */; };
		A0CDF53222DF99E5004C316F /* ContentView.swift in Sources */ = {isa = PBXBuildFile; fileRef = A0CDF53122DF99E5004C316F /* ContentView.swift */; };
		A0CDF53422DF99E9004C316F /* Assets.xcassets in Resources */ = {isa = PBXBuildFile; fileRef = A0CDF53322DF99E9004C316F /* Assets.xcassets */; };
		A0CDF53722DF99E9004C316F /* Preview Assets.xcassets in Resources */ = {isa = PBXBuildFile; fileRef = A0CDF53622DF99E9004C316F /* Preview Assets.xcassets */; };
		A0CDF53A22DF99E9004C316F /* LaunchScreen.storyboard in Resources */ = {isa = PBXBuildFile; fileRef = A0CDF53822DF99E9004C316F /* LaunchScreen.storyboard */; };
		A0CDF54322DF9AD1004C316F /* ligas.json in Resources */ = {isa = PBXBuildFile; fileRef = A0CDF54222DF9AD1004C316F /* ligas.json */; };
		A0CDF55122DF9ADA004C316F /* sanAntonio.png in Resources */ = {isa = PBXBuildFile; fileRef = A0CDF54422DF9AD9004C316F /* sanAntonio.png */; };
		A0CDF55222DF9ADA004C316F /* memphis.png in Resources */ = {isa = PBXBuildFile; fileRef = A0CDF54522DF9AD9004C316F /* memphis.png */; };
		A0CDF55322DF9ADA004C316F /* diallo.png in Resources */ = {isa = PBXBuildFile; fileRef = A0CDF54622DF9AD9004C316F /* diallo.png */; };
		A0CDF55422DF9ADA004C316F /* derozan.png in Resources */ = {isa = PBXBuildFile; fileRef = A0CDF54722DF9AD9004C316F /* derozan.png */; };
		A0CDF55522DF9ADA004C316F /* houstonRockets.png in Resources */ = {isa = PBXBuildFile; fileRef = A0CDF54822DF9AD9004C316F /* houstonRockets.png */; };
		A0CDF55622DF9ADA004C316F /* brooks.png in Resources */ = {isa = PBXBuildFile; fileRef = A0CDF54922DF9AD9004C316F /* brooks.png */; };
		A0CDF55722DF9ADA004C316F /* goldenState.png in Resources */ = {isa = PBXBuildFile; fileRef = A0CDF54A22DF9AD9004C316F /* goldenState.png */; };
		A0CDF55822DF9ADA004C316F /* clark.png in Resources */ = {isa = PBXBuildFile; fileRef = A0CDF54B22DF9AD9004C316F /* clark.png */; };
		A0CDF55922DF9ADA004C316F /* evans.png in Resources */ = {isa = PBXBuildFile; fileRef = A0CDF54C22DF9AD9004C316F /* evans.png */; };
		A0CDF55A22DF9ADA004C316F /* curry.png in Resources */ = {isa = PBXBuildFile; fileRef = A0CDF54D22DF9AD9004C316F /* curry.png */; };
		A0CDF55B22DF9ADA004C316F /* anderson.png in Resources */ = {isa = PBXBuildFile; fileRef = A0CDF54E22DF9ADA004C316F /* anderson.png */; };
		A0CDF55C22DF9ADA004C316F /* newOrleans.png in Resources */ = {isa = PBXBuildFile; fileRef = A0CDF54F22DF9ADA004C316F /* newOrleans.png */; };
		A0CDF55D22DF9ADA004C316F /* forbes.png in Resources */ = {isa = PBXBuildFile; fileRef = A0CDF55022DF9ADA004C316F /* forbes.png */; };
/* End PBXBuildFile section */

/* Begin PBXFileReference section */
		A0CDF52A22DF99E5004C316F /* Basket.app */ = {isa = PBXFileReference; explicitFileType = wrapper.application; includeInIndex = 0; path = Basket.app; sourceTree = BUILT_PRODUCTS_DIR; };
		A0CDF52D22DF99E5004C316F /* AppDelegate.swift */ = {isa = PBXFileReference; lastKnownFileType = sourcecode.swift; path = AppDelegate.swift; sourceTree = "<group>"; };
		A0CDF52F22DF99E5004C316F /* SceneDelegate.swift */ = {isa = PBXFileReference; lastKnownFileType = sourcecode.swift; path = SceneDelegate.swift; sourceTree = "<group>"; };
		A0CDF53122DF99E5004C316F /* ContentView.swift */ = {isa = PBXFileReference; lastKnownFileType = sourcecode.swift; path = ContentView.swift; sourceTree = "<group>"; };
		A0CDF53322DF99E9004C316F /* Assets.xcassets */ = {isa = PBXFileReference; lastKnownFileType = folder.assetcatalog; path = Assets.xcassets; sourceTree = "<group>"; };
		A0CDF53622DF99E9004C316F /* Preview Assets.xcassets */ = {isa = PBXFileReference; lastKnownFileType = folder.assetcatalog; path = "Preview Assets.xcassets"; sourceTree = "<group>"; };
		A0CDF53922DF99E9004C316F /* Base */ = {isa = PBXFileReference; lastKnownFileType = file.storyboard; name = Base; path = Base.lproj/LaunchScreen.storyboard; sourceTree = "<group>"; };
		A0CDF53B22DF99E9004C316F /* Info.plist */ = {isa = PBXFileReference; lastKnownFileType = text.plist.xml; path = Info.plist; sourceTree = "<group>"; };
		A0CDF54222DF9AD1004C316F /* ligas.json */ = {isa = PBXFileReference; fileEncoding = 4; lastKnownFileType = text.json; path = ligas.json; sourceTree = "<group>"; };
		A0CDF54422DF9AD9004C316F /* sanAntonio.png */ = {isa = PBXFileReference; lastKnownFileType = image.png; path = sanAntonio.png; sourceTree = "<group>"; };
		A0CDF54522DF9AD9004C316F /* memphis.png */ = {isa = PBXFileReference; lastKnownFileType = image.png; path = memphis.png; sourceTree = "<group>"; };
		A0CDF54622DF9AD9004C316F /* diallo.png */ = {isa = PBXFileReference; lastKnownFileType = image.png; path = diallo.png; sourceTree = "<group>"; };
		A0CDF54722DF9AD9004C316F /* derozan.png */ = {isa = PBXFileReference; lastKnownFileType = image.png; path = derozan.png; sourceTree = "<group>"; };
		A0CDF54822DF9AD9004C316F /* houstonRockets.png */ = {isa = PBXFileReference; lastKnownFileType = image.png; path = houstonRockets.png; sourceTree = "<group>"; };
		A0CDF54922DF9AD9004C316F /* brooks.png */ = {isa = PBXFileReference; lastKnownFileType = image.png; path = brooks.png; sourceTree = "<group>"; };
		A0CDF54A22DF9AD9004C316F /* goldenState.png */ = {isa = PBXFileReference; lastKnownFileType = image.png; path = goldenState.png; sourceTree = "<group>"; };
		A0CDF54B22DF9AD9004C316F /* clark.png */ = {isa = PBXFileReference; lastKnownFileType = image.png; path = clark.png; sourceTree = "<group>"; };
		A0CDF54C22DF9AD9004C316F /* evans.png */ = {isa = PBXFileReference; lastKnownFileType = image.png; path = evans.png; sourceTree = "<group>"; };
		A0CDF54D22DF9AD9004C316F /* curry.png */ = {isa = PBXFileReference; lastKnownFileType = image.png; path = curry.png; sourceTree = "<group>"; };
		A0CDF54E22DF9ADA004C316F /* anderson.png */ = {isa = PBXFileReference; lastKnownFileType = image.png; path = anderson.png; sourceTree = "<group>"; };
		A0CDF54F22DF9ADA004C316F /* newOrleans.png */ = {isa = PBXFileReference; lastKnownFileType = image.png; path = newOrleans.png; sourceTree = "<group>"; };
		A0CDF55022DF9ADA004C316F /* forbes.png */ = {isa = PBXFileReference; lastKnownFileType = image.png; path = forbes.png; sourceTree = "<group>"; };
/* End PBXFileReference section */

/* Begin PBXFrameworksBuildPhase section */
		A0CDF52722DF99E5004C316F /* Frameworks */ = {
			isa = PBXFrameworksBuildPhase;
			buildActionMask = 2147483647;
			files = (
			);
			runOnlyForDeploymentPostprocessing = 0;
		};
/* End PBXFrameworksBuildPhase section */

/* Begin PBXGroup section */
		A0CDF52122DF99E5004C316F = {
			isa = PBXGroup;
			children = (
				A0CDF52C22DF99E5004C316F /* Basket */,
				A0CDF52B22DF99E5004C316F /* Products */,
			);
			sourceTree = "<group>";
		};
		A0CDF52B22DF99E5004C316F /* Products */ = {
			isa = PBXGroup;
			children = (
				A0CDF52A22DF99E5004C316F /* Basket.app */,
			);
			name = Products;
			sourceTree = "<group>";
		};
		A0CDF52C22DF99E5004C316F /* Basket */ = {
			isa = PBXGroup;
			children = (
				A0CDF54122DF9A7D004C316F /* Resources */,
				A0CDF52D22DF99E5004C316F /* AppDelegate.swift */,
				A0CDF52F22DF99E5004C316F /* SceneDelegate.swift */,
				A0CDF53122DF99E5004C316F /* ContentView.swift */,
				A0CDF53322DF99E9004C316F /* Assets.xcassets */,
				A0CDF53822DF99E9004C316F /* LaunchScreen.storyboard */,
				A0CDF53B22DF99E9004C316F /* Info.plist */,
				A0CDF53522DF99E9004C316F /* Preview Content */,
			);
			path = Basket;
			sourceTree = "<group>";
		};
		A0CDF53522DF99E9004C316F /* Preview Content */ = {
			isa = PBXGroup;
			children = (
				A0CDF53622DF99E9004C316F /* Preview Assets.xcassets */,
			);
			path = "Preview Content";
			sourceTree = "<group>";
		};
		A0CDF54122DF9A7D004C316F /* Resources */ = {
			isa = PBXGroup;
			children = (
				A0CDF54222DF9AD1004C316F /* ligas.json */,
				A0CDF54E22DF9ADA004C316F /* anderson.png */,
				A0CDF54922DF9AD9004C316F /* brooks.png */,
				A0CDF54B22DF9AD9004C316F /* clark.png */,
				A0CDF54D22DF9AD9004C316F /* curry.png */,
				A0CDF54722DF9AD9004C316F /* derozan.png */,
				A0CDF54622DF9AD9004C316F /* diallo.png */,
				A0CDF54C22DF9AD9004C316F /* evans.png */,
				A0CDF55022DF9ADA004C316F /* forbes.png */,
				A0CDF54A22DF9AD9004C316F /* goldenState.png */,
				A0CDF54822DF9AD9004C316F /* houstonRockets.png */,
				A0CDF54522DF9AD9004C316F /* memphis.png */,
				A0CDF54F22DF9ADA004C316F /* newOrleans.png */,
				A0CDF54422DF9AD9004C316F /* sanAntonio.png */,
			);
			path = Resources;
			sourceTree = "<group>";
		};
/* End PBXGroup section */

/* Begin PBXNativeTarget section */
		A0CDF52922DF99E5004C316F /* Basket */ = {
			isa = PBXNativeTarget;
			buildConfigurationList = A0CDF53E22DF99E9004C316F /* Build configuration list for PBXNativeTarget "Basket" */;
			buildPhases = (
				A0CDF52622DF99E5004C316F /* Sources */,
				A0CDF52722DF99E5004C316F /* Frameworks */,
				A0CDF52822DF99E5004C316F /* Resources */,
			);
			buildRules = (
			);
			dependencies = (
			);
			name = Basket;
			productName = Basket;
			productReference = A0CDF52A22DF99E5004C316F /* Basket.app */;
			productType = "com.apple.product-type.application";
		};
/* End PBXNativeTarget section */

/* Begin PBXProject section */
		A0CDF52222DF99E5004C316F /* Project object */ = {
			isa = PBXProject;
			attributes = {
				LastSwiftUpdateCheck = 1100;
				LastUpgradeCheck = 1100;
				ORGANIZATIONNAME = "Lucas Pelizza";
				TargetAttributes = {
					A0CDF52922DF99E5004C316F = {
						CreatedOnToolsVersion = 11.0;
					};
				};
			};
			buildConfigurationList = A0CDF52522DF99E5004C316F /* Build configuration list for PBXProject "Basket" */;
			compatibilityVersion = "Xcode 9.3";
			developmentRegion = en;
			hasScannedForEncodings = 0;
			knownRegions = (
				en,
				Base,
			);
			mainGroup = A0CDF52122DF99E5004C316F;
			productRefGroup = A0CDF52B22DF99E5004C316F /* Products */;
			projectDirPath = "";
			projectRoot = "";
			targets = (
				A0CDF52922DF99E5004C316F /* Basket */,
			);
		};
/* End PBXProject section */

/* Begin PBXResourcesBuildPhase section */
		A0CDF52822DF99E5004C316F /* Resources */ = {
			isa = PBXResourcesBuildPhase;
			buildActionMask = 2147483647;
			files = (
				A0CDF55322DF9ADA004C316F /* diallo.png in Resources */,
				A0CDF55D22DF9ADA004C316F /* forbes.png in Resources */,
				A0CDF55A22DF9ADA004C316F /* curry.png in Resources */,
				A0CDF55722DF9ADA004C316F /* goldenState.png in Resources */,
				A0CDF55B22DF9ADA004C316F /* anderson.png in Resources */,
				A0CDF55422DF9ADA004C316F /* derozan.png in Resources */,
				A0CDF53A22DF99E9004C316F /* LaunchScreen.storyboard in Resources */,
				A0CDF55122DF9ADA004C316F /* sanAntonio.png in Resources */,
				A0CDF53722DF99E9004C316F /* Preview Assets.xcassets in Resources */,
				A0CDF55922DF9ADA004C316F /* evans.png in Resources */,
				A0CDF55622DF9ADA004C316F /* brooks.png in Resources */,
				A0CDF55522DF9ADA004C316F /* houstonRockets.png in Resources */,
				A0CDF55222DF9ADA004C316F /* memphis.png in Resources */,
				A0CDF55822DF9ADA004C316F /* clark.png in Resources */,
				A0CDF54322DF9AD1004C316F /* ligas.json in Resources */,
				A0CDF53422DF99E9004C316F /* Assets.xcassets in Resources */,
				A0CDF55C22DF9ADA004C316F /* newOrleans.png in Resources */,
			);
			runOnlyForDeploymentPostprocessing = 0;
		};
/* End PBXResourcesBuildPhase section */

/* Begin PBXSourcesBuildPhase section */
		A0CDF52622DF99E5004C316F /* Sources */ = {
			isa = PBXSourcesBuildPhase;
			buildActionMask = 2147483647;
			files = (
				A0CDF52E22DF99E5004C316F /* AppDelegate.swift in Sources */,
				A0CDF53022DF99E5004C316F /* SceneDelegate.swift in Sources */,
				A0CDF53222DF99E5004C316F /* ContentView.swift in Sources */,
			);
			runOnlyForDeploymentPostprocessing = 0;
		};
/* End PBXSourcesBuildPhase section */

/* Begin PBXVariantGroup section */
		A0CDF53822DF99E9004C316F /* LaunchScreen.storyboard */ = {
			isa = PBXVariantGroup;
			children = (
				A0CDF53922DF99E9004C316F /* Base */,
			);
			name = LaunchScreen.storyboard;
			sourceTree = "<group>";
		};
/* End PBXVariantGroup section */

/* Begin XCBuildConfiguration section */
		A0CDF53C22DF99E9004C316F /* Debug */ = {
			isa = XCBuildConfiguration;
			buildSettings = {
				ALWAYS_SEARCH_USER_PATHS = NO;
				CLANG_ANALYZER_NONNULL = YES;
				CLANG_ANALYZER_NUMBER_OBJECT_CONVERSION = YES_AGGRESSIVE;
				CLANG_CXX_LANGUAGE_STANDARD = "gnu++14";
				CLANG_CXX_LIBRARY = "libc++";
				CLANG_ENABLE_MODULES = YES;
				CLANG_ENABLE_OBJC_ARC = YES;
				CLANG_ENABLE_OBJC_WEAK = YES;
				CLANG_WARN_BLOCK_CAPTURE_AUTORELEASING = YES;
				CLANG_WARN_BOOL_CONVERSION = YES;
				CLANG_WARN_COMMA = YES;
				CLANG_WARN_CONSTANT_CONVERSION = YES;
				CLANG_WARN_DEPRECATED_OBJC_IMPLEMENTATIONS = YES;
				CLANG_WARN_DIRECT_OBJC_ISA_USAGE = YES_ERROR;
				CLANG_WARN_DOCUMENTATION_COMMENTS = YES;
				CLANG_WARN_EMPTY_BODY = YES;
				CLANG_WARN_ENUM_CONVERSION = YES;
				CLANG_WARN_INFINITE_RECURSION = YES;
				CLANG_WARN_INT_CONVERSION = YES;
				CLANG_WARN_NON_LITERAL_NULL_CONVERSION = YES;
				CLANG_WARN_OBJC_IMPLICIT_RETAIN_SELF = YES;
				CLANG_WARN_OBJC_LITERAL_CONVERSION = YES;
				CLANG_WARN_OBJC_ROOT_CLASS = YES_ERROR;
				CLANG_WARN_RANGE_LOOP_ANALYSIS = YES;
				CLANG_WARN_STRICT_PROTOTYPES = YES;
				CLANG_WARN_SUSPICIOUS_MOVE = YES;
				CLANG_WARN_UNGUARDED_AVAILABILITY = YES_AGGRESSIVE;
				CLANG_WARN_UNREACHABLE_CODE = YES;
				CLANG_WARN__DUPLICATE_METHOD_MATCH = YES;
				COPY_PHASE_STRIP = NO;
				DEBUG_INFORMATION_FORMAT = dwarf;
				ENABLE_STRICT_OBJC_MSGSEND = YES;
				ENABLE_TESTABILITY = YES;
				GCC_C_LANGUAGE_STANDARD = gnu11;
				GCC_DYNAMIC_NO_PIC = NO;
				GCC_NO_COMMON_BLOCKS = YES;
				GCC_OPTIMIZATION_LEVEL = 0;
				GCC_PREPROCESSOR_DEFINITIONS = (
					"DEBUG=1",
					"$(inherited)",
				);
				GCC_WARN_64_TO_32_BIT_CONVERSION = YES;
				GCC_WARN_ABOUT_RETURN_TYPE = YES_ERROR;
				GCC_WARN_UNDECLARED_SELECTOR = YES;
				GCC_WARN_UNINITIALIZED_AUTOS = YES_AGGRESSIVE;
				GCC_WARN_UNUSED_FUNCTION = YES;
				GCC_WARN_UNUSED_VARIABLE = YES;
				IPHONEOS_DEPLOYMENT_TARGET = 13.0;
				MTL_ENABLE_DEBUG_INFO = INCLUDE_SOURCE;
				MTL_FAST_MATH = YES;
				ONLY_ACTIVE_ARCH = YES;
				SDKROOT = iphoneos;
				SWIFT_ACTIVE_COMPILATION_CONDITIONS = DEBUG;
				SWIFT_OPTIMIZATION_LEVEL = "-Onone";
			};
			name = Debug;
		};
		A0CDF53D22DF99E9004C316F /* Release */ = {
			isa = XCBuildConfiguration;
			buildSettings = {
				ALWAYS_SEARCH_USER_PATHS = NO;
				CLANG_ANALYZER_NONNULL = YES;
				CLANG_ANALYZER_NUMBER_OBJECT_CONVERSION = YES_AGGRESSIVE;
				CLANG_CXX_LANGUAGE_STANDARD = "gnu++14";
				CLANG_CXX_LIBRARY = "libc++";
				CLANG_ENABLE_MODULES = YES;
				CLANG_ENABLE_OBJC_ARC = YES;
				CLANG_ENABLE_OBJC_WEAK = YES;
				CLANG_WARN_BLOCK_CAPTURE_AUTORELEASING = YES;
				CLANG_WARN_BOOL_CONVERSION = YES;
				CLANG_WARN_COMMA = YES;
				CLANG_WARN_CONSTANT_CONVERSION = YES;
				CLANG_WARN_DEPRECATED_OBJC_IMPLEMENTATIONS = YES;
				CLANG_WARN_DIRECT_OBJC_ISA_USAGE = YES_ERROR;
				CLANG_WARN_DOCUMENTATION_COMMENTS = YES;
				CLANG_WARN_EMPTY_BODY = YES;
				CLANG_WARN_ENUM_CONVERSION = YES;
				CLANG_WARN_INFINITE_RECURSION = YES;
				CLANG_WARN_INT_CONVERSION = YES;
				CLANG_WARN_NON_LITERAL_NULL_CONVERSION = YES;
				CLANG_WARN_OBJC_IMPLICIT_RETAIN_SELF = YES;
				CLANG_WARN_OBJC_LITERAL_CONVERSION = YES;
				CLANG_WARN_OBJC_ROOT_CLASS = YES_ERROR;
				CLANG_WARN_RANGE_LOOP_ANALYSIS = YES;
				CLANG_WARN_STRICT_PROTOTYPES = YES;
				CLANG_WARN_SUSPICIOUS_MOVE = YES;
				CLANG_WARN_UNGUARDED_AVAILABILITY = YES_AGGRESSIVE;
				CLANG_WARN_UNREACHABLE_CODE = YES;
				CLANG_WARN__DUPLICATE_METHOD_MATCH = YES;
				COPY_PHASE_STRIP = NO;
				DEBUG_INFORMATION_FORMAT = "dwarf-with-dsym";
				ENABLE_NS_ASSERTIONS = NO;
				ENABLE_STRICT_OBJC_MSGSEND = YES;
				GCC_C_LANGUAGE_STANDARD = gnu11;
				GCC_NO_COMMON_BLOCKS = YES;
				GCC_WARN_64_TO_32_BIT_CONVERSION = YES;
				GCC_WARN_ABOUT_RETURN_TYPE = YES_ERROR;
				GCC_WARN_UNDECLARED_SELECTOR = YES;
				GCC_WARN_UNINITIALIZED_AUTOS = YES_AGGRESSIVE;
				GCC_WARN_UNUSED_FUNCTION = YES;
				GCC_WARN_UNUSED_VARIABLE = YES;
				IPHONEOS_DEPLOYMENT_TARGET = 13.0;
				MTL_ENABLE_DEBUG_INFO = NO;
				MTL_FAST_MATH = YES;
				SDKROOT = iphoneos;
				SWIFT_COMPILATION_MODE = wholemodule;
				SWIFT_OPTIMIZATION_LEVEL = "-O";
				VALIDATE_PRODUCT = YES;
			};
			name = Release;
		};
		A0CDF53F22DF99E9004C316F /* Debug */ = {
			isa = XCBuildConfiguration;
			buildSettings = {
				ASSETCATALOG_COMPILER_APPICON_NAME = AppIcon;
				CODE_SIGN_STYLE = Automatic;
				DEVELOPMENT_ASSET_PATHS = "Basket/Preview\\ Content";
				ENABLE_PREVIEWS = YES;
				INFOPLIST_FILE = Basket/Info.plist;
				LD_RUNPATH_SEARCH_PATHS = (
					"$(inherited)",
					"@executable_path/Frameworks",
				);
				PRODUCT_BUNDLE_IDENTIFIER = com.LEP.Basket;
				PRODUCT_NAME = "$(TARGET_NAME)";
				SWIFT_VERSION = 5.0;
				TARGETED_DEVICE_FAMILY = "1,2";
			};
			name = Debug;
		};
		A0CDF54022DF99E9004C316F /* Release */ = {
			isa = XCBuildConfiguration;
			buildSettings = {
				ASSETCATALOG_COMPILER_APPICON_NAME = AppIcon;
				CODE_SIGN_STYLE = Automatic;
				DEVELOPMENT_ASSET_PATHS = "Basket/Preview\\ Content";
				ENABLE_PREVIEWS = YES;
				INFOPLIST_FILE = Basket/Info.plist;
				LD_RUNPATH_SEARCH_PATHS = (
					"$(inherited)",
					"@executable_path/Frameworks",
				);
				PRODUCT_BUNDLE_IDENTIFIER = com.LEP.Basket;
				PRODUCT_NAME = "$(TARGET_NAME)";
				SWIFT_VERSION = 5.0;
				TARGETED_DEVICE_FAMILY = "1,2";
			};
			name = Release;
		};
/* End XCBuildConfiguration section */

/* Begin XCConfigurationList section */
		A0CDF52522DF99E5004C316F /* Build configuration list for PBXProject "Basket" */ = {
			isa = XCConfigurationList;
			buildConfigurations = (
				A0CDF53C22DF99E9004C316F /* Debug */,
				A0CDF53D22DF99E9004C316F /* Release */,
			);
			defaultConfigurationIsVisible = 0;
			defaultConfigurationName = Release;
		};
		A0CDF53E22DF99E9004C316F /* Build configuration list for PBXNativeTarget "Basket" */ = {
			isa = XCConfigurationList;
			buildConfigurations = (
				A0CDF53F22DF99E9004C316F /* Debug */,
				A0CDF54022DF99E9004C316F /* Release */,
			);
			defaultConfigurationIsVisible = 0;
			defaultConfigurationName = Release;
		};
/* End XCConfigurationList section */
	};
	rootObject = A0CDF52222DF99E5004C316F /* Project object */;
}
